
Microsoft Visual Studio Solution File, Format Version 12.00
# Visual Studio Version 17
VisualStudioVersion = 17.6.33815.320
MinimumVisualStudioVersion = 10.0.40219.1
Project("{FAE04EC0-301F-11D3-BF4B-00C04F79EFBC}") = "BirvinClientGenerator", "BirvinClientGenerator\BirvinClientGenerator.csproj", "{B4CA7A10-9409-4A09-857C-C044E6032B7C}"
EndProject
Global
	GlobalSection(SolutionConfigurationPlatforms) = preSolution
		Debug|Any CPU = Debug|Any CPU
		Release|Any CPU = Release|Any CPU
	EndGlobalSection
	GlobalSection(ProjectConfigurationPlatforms) = postSolution
		{B4CA7A10-9409-4A09-857C-C044E6032B7C}.Debug|Any CPU.ActiveCfg = Debug|Any CPU
		{B4CA7A10-9409-4A09-857C-C044E6032B7C}.Debug|Any CPU.Build.0 = Debug|Any CPU
		{B4CA7A10-9409-4A09-857C-C044E6032B7C}.Release|Any CPU.ActiveCfg = Release|Any CPU
		{B4CA7A10-9409-4A09-857C-C044E6032B7C}.Release|Any CPU.Build.0 = Release|Any CPU
	EndGlobalSection
	GlobalSection(SolutionProperties) = preSolution
		HideSolutionNode = FALSE
	EndGlobalSection
	GlobalSection(ExtensibilityGlobals) = postSolution
		SolutionGuid = {37A0CAE3-0DCC-4216-8BCF-A8D5A298B2A3}
	EndGlobalSection
EndGlobal
